
Microsoft Visual Studio Solution File, Format Version 12.00
# Visual Studio Version 17
VisualStudioVersion = 17.14.37012.4 d17.14
MinimumVisualStudioVersion = 10.0.40219.1
Project("{FAE04EC0-301F-11D3-BF4B-00C04F79EFBC}") = "EmployerService.Api", "EmployerService.Api\EmployerService.Api.csproj", "{6B7626B7-AD26-4904-AF9E-AB1716CE4202}"
EndProject
Global
	GlobalSection(SolutionConfigurationPlatforms) = preSolution
		Debug|Any CPU = Debug|Any CPU
		Release|Any CPU = Release|Any CPU
	EndGlobalSection
	GlobalSection(ProjectConfigurationPlatforms) = postSolution
		{6B7626B7-AD26-4904-AF9E-AB1716CE4202}.Debug|Any CPU.ActiveCfg = Debug|Any CPU
		{6B7626B7-AD26-4904-AF9E-AB1716CE4202}.Debug|Any CPU.Build.0 = Debug|Any CPU
		{6B7626B7-AD26-4904-AF9E-AB1716CE4202}.Release|Any CPU.ActiveCfg = Release|Any CPU
		{6B7626B7-AD26-4904-AF9E-AB1716CE4202}.Release|Any CPU.Build.0 = Release|Any CPU
	EndGlobalSection
	GlobalSection(SolutionProperties) = preSolution
		HideSolutionNode = FALSE
	EndGlobalSection
	GlobalSection(ExtensibilityGlobals) = postSolution
		SolutionGuid = {8EFAC7EC-D301-4034-B77D-827A9AC1118F}
	EndGlobalSection
EndGlobal
